---
- name: Add block of text to test file
  hosts: servera, serverb
  tasks:
    - name: Add a block of text to an existing file
      ansible.builtin.blockinfile:
        path: /home/student/test
        block: |
          After the RH294 Training
          You can go with the EX294 Certification.
        state: present

